
Microsoft Visual Studio Solution File, Format Version 12.00
# Visual Studio Version 16
VisualStudioVersion = 16.0.30804.86
MinimumVisualStudioVersion = 10.0.40219.1
Project("{FAE04EC0-301F-11D3-BF4B-00C04F79EFBC}") = "Ex01_01", "Ex01_01\Ex01_01.csproj", "{5AC2D69E-CE32-4468-956B-F501F0FF6F66}"
EndProject
Project("{FAE04EC0-301F-11D3-BF4B-00C04F79EFBC}") = "Ex01_02", "Ex01_02\Ex01_02.csproj", "{1ED9935D-EB1D-4EE7-88E4-7661E6EBD097}"
EndProject
Project("{FAE04EC0-301F-11D3-BF4B-00C04F79EFBC}") = "Ex01_03", "EX01_03\Ex01_03.csproj", "{0B9D2343-9FEC-455E-A979-B4E05D5E4CB5}"
EndProject
Project("{FAE04EC0-301F-11D3-BF4B-00C04F79EFBC}") = "Ex01_04", "Ex01_04\Ex01_04.csproj", "{D64D2F0A-730D-470E-AB9C-4643B77AE9B3}"
EndProject
Project("{FAE04EC0-301F-11D3-BF4B-00C04F79EFBC}") = "Ex01_05", "Ex01_05\Ex01_05.csproj", "{F4B3C9E0-EBEF-4FEA-A4B3-02607A479AAD}"
EndProject
Global
	GlobalSection(SolutionConfigurationPlatforms) = preSolution
		Debug|Any CPU = Debug|Any CPU
		Release|Any CPU = Release|Any CPU
	EndGlobalSection
	GlobalSection(ProjectConfigurationPlatforms) = postSolution
		{5AC2D69E-CE32-4468-956B-F501F0FF6F66}.Debug|Any CPU.ActiveCfg = Debug|Any CPU
		{5AC2D69E-CE32-4468-956B-F501F0FF6F66}.Debug|Any CPU.Build.0 = Debug|Any CPU
		{5AC2D69E-CE32-4468-956B-F501F0FF6F66}.Release|Any CPU.ActiveCfg = Release|Any CPU
		{5AC2D69E-CE32-4468-956B-F501F0FF6F66}.Release|Any CPU.Build.0 = Release|Any CPU
		{1ED9935D-EB1D-4EE7-88E4-7661E6EBD097}.Debug|Any CPU.ActiveCfg = Debug|Any CPU
		{1ED9935D-EB1D-4EE7-88E4-7661E6EBD097}.Debug|Any CPU.Build.0 = Debug|Any CPU
		{1ED9935D-EB1D-4EE7-88E4-7661E6EBD097}.Release|Any CPU.ActiveCfg = Release|Any CPU
		{1ED9935D-EB1D-4EE7-88E4-7661E6EBD097}.Release|Any CPU.Build.0 = Release|Any CPU
		{0B9D2343-9FEC-455E-A979-B4E05D5E4CB5}.Debug|Any CPU.ActiveCfg = Debug|Any CPU
		{0B9D2343-9FEC-455E-A979-B4E05D5E4CB5}.Debug|Any CPU.Build.0 = Debug|Any CPU
		{0B9D2343-9FEC-455E-A979-B4E05D5E4CB5}.Release|Any CPU.ActiveCfg = Release|Any CPU
		{0B9D2343-9FEC-455E-A979-B4E05D5E4CB5}.Release|Any CPU.Build.0 = Release|Any CPU
		{D64D2F0A-730D-470E-AB9C-4643B77AE9B3}.Debug|Any CPU.ActiveCfg = Debug|Any CPU
		{D64D2F0A-730D-470E-AB9C-4643B77AE9B3}.Debug|Any CPU.Build.0 = Debug|Any CPU
		{D64D2F0A-730D-470E-AB9C-4643B77AE9B3}.Release|Any CPU.ActiveCfg = Release|Any CPU
		{D64D2F0A-730D-470E-AB9C-4643B77AE9B3}.Release|Any CPU.Build.0 = Release|Any CPU
		{F4B3C9E0-EBEF-4FEA-A4B3-02607A479AAD}.Debug|Any CPU.ActiveCfg = Debug|Any CPU
		{F4B3C9E0-EBEF-4FEA-A4B3-02607A479AAD}.Debug|Any CPU.Build.0 = Debug|Any CPU
		{F4B3C9E0-EBEF-4FEA-A4B3-02607A479AAD}.Release|Any CPU.ActiveCfg = Release|Any CPU
		{F4B3C9E0-EBEF-4FEA-A4B3-02607A479AAD}.Release|Any CPU.Build.0 = Release|Any CPU
	EndGlobalSection
	GlobalSection(SolutionProperties) = preSolution
		HideSolutionNode = FALSE
	EndGlobalSection
	GlobalSection(ExtensibilityGlobals) = postSolution
		SolutionGuid = {51D8CDB9-087C-47C6-BCAE-B5C481A5ABB2}
	EndGlobalSection
EndGlobal
